dependencies:
- name: supabase
  repository: oci://registry-1.docker.io/bitnamicharts
  version: 2.10.0
- name: common
  repository: oci://registry-1.docker.io/bitnamicharts
  version: 2.30.0
digest: sha256:4e0a6fd6d422b91be6a1a2650a772d940dfb7168507db1bbd45934b306fd2e71
generated: "2025-03-09T21:13:15.142978-07:00"
